{
  "name": "template-js",
  "version": "1.0.0",
  "lockfileVersion": 1,
  "requires": true,
  "dependencies": {
    "@es4x/create": {
      "version": "0.14.0",
      "resolved": "https://registry.npmjs.org/@es4x/create/-/create-0.14.0.tgz",
      "integrity": "sha512-PUnEfUCZWA1SJI9k4Ra4CXL/QDW9F3wzQhZY9jfIE5y+o54aI1xf2uDjkcwi/HJtRNC3RfON2EjS1i6j6FnpgA==",
      "dev": true
    },
    "@vertx/auth-common": {
      "version": "4.0.2",
      "resolved": "https://registry.npmjs.org/@vertx/auth-common/-/auth-common-4.0.2.tgz",
      "integrity": "sha512-B5XQ6Gm22HLRHYCT6Ji1fPGPkwzphCT25B+kxXPBOLhPor+TMuZWL5rjSLIbMa9PaPQGGGNnF4LlueRfXoIooQ==",
      "requires": {
        "@vertx/core": "4.0.2"
      },
      "dependencies": {
        "@vertx/core": {
          "version": "4.0.2",
          "resolved": "https://registry.npmjs.org/@vertx/core/-/core-4.0.2.tgz",
          "integrity": "sha512-8FM7mVHK0pE1nzQGb6n6FKYkE9xS7xp29RaU6//CQ0F63djcs0N42u5iajO4rbShIWvcMG+Trj0dQKqYjX6pLw=="
        }
      }
    },
    "@vertx/bridge-common": {
      "version": "4.0.2",
      "resolved": "https://registry.npmjs.org/@vertx/bridge-common/-/bridge-common-4.0.2.tgz",
      "integrity": "sha512-YM34D7TaKqDwzItD1kxWVt6Y5jjy4aIozD4MytXM3q6OQntPO/nmtLNzNFZIuunYLLk0Q7iMvEjYil5QNpP0HQ==",
      "requires": {
        "@vertx/core": "4.0.2"
      },
      "dependencies": {
        "@vertx/core": {
          "version": "4.0.2",
          "resolved": "https://registry.npmjs.org/@vertx/core/-/core-4.0.2.tgz",
          "integrity": "sha512-8FM7mVHK0pE1nzQGb6n6FKYkE9xS7xp29RaU6//CQ0F63djcs0N42u5iajO4rbShIWvcMG+Trj0dQKqYjX6pLw=="
        }
      }
    },
    "@vertx/core": {
      "version": "4.0.0",
      "resolved": "https://registry.npmjs.org/@vertx/core/-/core-4.0.0.tgz",
      "integrity": "sha512-CvHJk5r4Y/K+WVu7vV28KmPmgZ3kpjqAEk7Vb2J7j5dHnzbG3PX1OmghaAIovDEN3w2XlTR1EzykkfMAuH42+A=="
    },
    "@vertx/mongo-client": {
      "version": "4.0.2",
      "resolved": "https://registry.npmjs.org/@vertx/mongo-client/-/mongo-client-4.0.2.tgz",
      "integrity": "sha512-st1z1KcLCh///OXepoXviNerPWgV+Dns9kulZLSWW18qVOi7qNMPLwOmreXf6TyNqumotT4Q7y+/x7Jmul8kKw==",
      "requires": {
        "@vertx/core": "4.0.2"
      },
      "dependencies": {
        "@vertx/core": {
          "version": "4.0.2",
          "resolved": "https://registry.npmjs.org/@vertx/core/-/core-4.0.2.tgz",
          "integrity": "sha512-8FM7mVHK0pE1nzQGb6n6FKYkE9xS7xp29RaU6//CQ0F63djcs0N42u5iajO4rbShIWvcMG+Trj0dQKqYjX6pLw=="
        }
      }
    },
    "@vertx/unit": {
      "version": "4.0.0",
      "resolved": "https://registry.npmjs.org/@vertx/unit/-/unit-4.0.0.tgz",
      "integrity": "sha512-edVC1GVFPkue/4sCNZI15tp3Y6MSLRsxV23wKWA+/rCwX28ge+ZbSE06404puqsNkeAr27TmcULtooDbgn7agA==",
      "dev": true,
      "requires": {
        "@vertx/core": "4.0.0"
      }
    },
    "@vertx/web": {
      "version": "4.0.2",
      "resolved": "https://registry.npmjs.org/@vertx/web/-/web-4.0.2.tgz",
      "integrity": "sha512-aUHy1zvT3Z7/V0nKvbB2VgNnjyTX9GW+ucbTOVrx++0tTBDwKOYdjFO+N1ODEqnE27LjSevK5CEzcLEUx6diKQ==",
      "requires": {
        "@vertx/auth-common": "4.0.2",
        "@vertx/bridge-common": "4.0.2",
        "@vertx/core": "4.0.2",
        "@vertx/web-common": "4.0.2"
      },
      "dependencies": {
        "@vertx/core": {
          "version": "4.0.2",
          "resolved": "https://registry.npmjs.org/@vertx/core/-/core-4.0.2.tgz",
          "integrity": "sha512-8FM7mVHK0pE1nzQGb6n6FKYkE9xS7xp29RaU6//CQ0F63djcs0N42u5iajO4rbShIWvcMG+Trj0dQKqYjX6pLw=="
        }
      }
    },
    "@vertx/web-common": {
      "version": "4.0.2",
      "resolved": "https://registry.npmjs.org/@vertx/web-common/-/web-common-4.0.2.tgz",
      "integrity": "sha512-gHCnvhL+NTnuRyS2U40gSZy9COlDFIYtodhbE0qlFaejbvZDg6VQFsrhdjfEdzTYyiW5uO84OpGJkKssngQvqQ==",
      "requires": {
        "@vertx/core": "4.0.2"
      },
      "dependencies": {
        "@vertx/core": {
          "version": "4.0.2",
          "resolved": "https://registry.npmjs.org/@vertx/core/-/core-4.0.2.tgz",
          "integrity": "sha512-8FM7mVHK0pE1nzQGb6n6FKYkE9xS7xp29RaU6//CQ0F63djcs0N42u5iajO4rbShIWvcMG+Trj0dQKqYjX6pLw=="
        }
      }
    },
    "box-es4x": {
      "version": "1.0.0",
      "resolved": "https://registry.npmjs.org/box-es4x/-/box-es4x-1.0.0.tgz",
      "integrity": "sha512-Z48wVkVzdy1vezSfAJ4iVpCpfcNdZM4Tro2tQwHXxwoYko84VA2yVpFmWtVYncvGyltjXNK5dPXxoas8rHCM7Q==",
      "requires": {
        "@vertx/core": "4.0.0",
        "@vertx/mongo-client": "^4.0.2",
        "@vertx/web": "^4.0.2"
      }
    }
  }
}
